
Microsoft Visual Studio Solution File, Format Version 12.00
# Visual Studio Version 17
VisualStudioVersion = 17.3.32929.385
MinimumVisualStudioVersion = 10.0.40219.1
Project("{9A19103F-16F7-4668-BE54-9A1E7A4F7556}") = "Blazor", "Blazor\Blazor.csproj", "{65F3394B-F5BD-45A0-9662-C4FE5667BCF9}"
EndProject
Global
	GlobalSection(SolutionConfigurationPlatforms) = preSolution
		Debug|Any CPU = Debug|Any CPU
		Release|Any CPU = Release|Any CPU
	EndGlobalSection
	GlobalSection(ProjectConfigurationPlatforms) = postSolution
		{65F3394B-F5BD-45A0-9662-C4FE5667BCF9}.Debug|Any CPU.ActiveCfg = Debug|Any CPU
		{65F3394B-F5BD-45A0-9662-C4FE5667BCF9}.Debug|Any CPU.Build.0 = Debug|Any CPU
		{65F3394B-F5BD-45A0-9662-C4FE5667BCF9}.Release|Any CPU.ActiveCfg = Release|Any CPU
		{65F3394B-F5BD-45A0-9662-C4FE5667BCF9}.Release|Any CPU.Build.0 = Release|Any CPU
	EndGlobalSection
	GlobalSection(SolutionProperties) = preSolution
		HideSolutionNode = FALSE
	EndGlobalSection
	GlobalSection(ExtensibilityGlobals) = postSolution
		SolutionGuid = {7E434975-9374-4985-BE0A-ABE73596782C}
	EndGlobalSection
EndGlobal
